Microsoft Visual Studio Solution File, Format Version 12.00
# Visual Studio Version 17
VisualStudioVersion = 17.12.35527.113 d17.12
MinimumVisualStudioVersion = 10.0.40219.1
Project("{FAE04EC0-301F-11D3-BF4B-00C04F79EFBC}") = "DotNetAspireCrud", "DotNetAspireCrud.AppHost\DotNetAspireCrud.csproj", "{F9394C80-4F4B-48BA-A7B9-4F78BE3FECBA}"
EndProject
Project("{FAE04EC0-301F-11D3-BF4B-00C04F79EFBC}") = "DotNetAspireCrud.ServiceDefaults", "DotNetAspireCrud.ServiceDefaults\DotNetAspireCrud.ServiceDefaults.csproj", "{67B7DB56-5837-46D5-910D-2BE321AACFC7}"
EndProject
Project("{FAE04EC0-301F-11D3-BF4B-00C04F79EFBC}") = "DotNetAspireCrud.ApiService", "DotNetAspireCrud.ApiService\DotNetAspireCrud.ApiService.csproj", "{D4228FDA-6001-43FC-A27E-9F03FC6AD1E2}"
EndProject
Project("{FAE04EC0-301F-11D3-BF4B-00C04F79EFBC}") = "DotNetAspireCrud.Web", "DotNetAspireCrud.Web\DotNetAspireCrud.Web.csproj", "{E1FADACF-C6A8-4286-A6DC-F4087CB5185C}"
EndProject
Global
	GlobalSection(SolutionConfigurationPlatforms) = preSolution
		Debug|Any CPU = Debug|Any CPU
		Release|Any CPU = Release|Any CPU
	EndGlobalSection
	GlobalSection(ProjectConfigurationPlatforms) = postSolution
		{F9394C80-4F4B-48BA-A7B9-4F78BE3FECBA}.Debug|Any CPU.ActiveCfg = Debug|Any CPU
		{F9394C80-4F4B-48BA-A7B9-4F78BE3FECBA}.Debug|Any CPU.Build.0 = Debug|Any CPU
		{F9394C80-4F4B-48BA-A7B9-4F78BE3FECBA}.Release|Any CPU.ActiveCfg = Release|Any CPU
		{F9394C80-4F4B-48BA-A7B9-4F78BE3FECBA}.Release|Any CPU.Build.0 = Release|Any CPU
		{67B7DB56-5837-46D5-910D-2BE321AACFC7}.Debug|Any CPU.ActiveCfg = Debug|Any CPU
		{67B7DB56-5837-46D5-910D-2BE321AACFC7}.Debug|Any CPU.Build.0 = Debug|Any CPU
		{67B7DB56-5837-46D5-910D-2BE321AACFC7}.Release|Any CPU.ActiveCfg = Release|Any CPU
		{67B7DB56-5837-46D5-910D-2BE321AACFC7}.Release|Any CPU.Build.0 = Release|Any CPU
		{D4228FDA-6001-43FC-A27E-9F03FC6AD1E2}.Debug|Any CPU.ActiveCfg = Debug|Any CPU
		{D4228FDA-6001-43FC-A27E-9F03FC6AD1E2}.Debug|Any CPU.Build.0 = Debug|Any CPU
		{D4228FDA-6001-43FC-A27E-9F03FC6AD1E2}.Release|Any CPU.ActiveCfg = Release|Any CPU
		{D4228FDA-6001-43FC-A27E-9F03FC6AD1E2}.Release|Any CPU.Build.0 = Release|Any CPU
		{E1FADACF-C6A8-4286-A6DC-F4087CB5185C}.Debug|Any CPU.ActiveCfg = Debug|Any CPU
		{E1FADACF-C6A8-4286-A6DC-F4087CB5185C}.Debug|Any CPU.Build.0 = Debug|Any CPU
		{E1FADACF-C6A8-4286-A6DC-F4087CB5185C}.Release|Any CPU.ActiveCfg = Release|Any CPU
		{E1FADACF-C6A8-4286-A6DC-F4087CB5185C}.Release|Any CPU.Build.0 = Release|Any CPU
	EndGlobalSection
	GlobalSection(SolutionProperties) = preSolution
		HideSolutionNode = FALSE
	EndGlobalSection
EndGlobal
